
Microsoft Visual Studio Solution File, Format Version 11.00
# Visual Studio 2010
Project("{FAE04EC0-301F-11D3-BF4B-00C04F79EFBC}") = "D2LDotNet", "D2LDotNet\D2LDotNet.csproj", "{35E4A81A-D92C-4160-BA07-BC22AF289B29}"
EndProject
Global
	GlobalSection(SolutionConfigurationPlatforms) = preSolution
		Debug|Any CPU = Debug|Any CPU
		Release|Any CPU = Release|Any CPU
	EndGlobalSection
	GlobalSection(ProjectConfigurationPlatforms) = postSolution
		{35E4A81A-D92C-4160-BA07-BC22AF289B29}.Debug|Any CPU.ActiveCfg = Debug|Any CPU
		{35E4A81A-D92C-4160-BA07-BC22AF289B29}.Debug|Any CPU.Build.0 = Debug|Any CPU
		{35E4A81A-D92C-4160-BA07-BC22AF289B29}.Release|Any CPU.ActiveCfg = Release|Any CPU
		{35E4A81A-D92C-4160-BA07-BC22AF289B29}.Release|Any CPU.Build.0 = Release|Any CPU
	EndGlobalSection
	GlobalSection(SolutionProperties) = preSolution
		HideSolutionNode = FALSE
	EndGlobalSection
EndGlobal
